
Microsoft Visual Studio Solution File, Format Version 12.00
# Visual Studio 15
VisualStudioVersion = 15.0.26430.12
MinimumVisualStudioVersion = 10.0.40219.1
Project("{FAE04EC0-301F-11D3-BF4B-00C04F79EFBC}") = "CryptoHarbour.Periscope.RigDataCollector", "CryptoHarbour.Periscope.RigDataCollector\CryptoHarbour.Periscope.RigDataCollector.csproj", "{B05E0B56-48E0-46FF-83D8-506758E2EC0E}"
	ProjectSection(ProjectDependencies) = postProject
		{B326717B-6EDC-4225-80A0-AD5566A45790} = {B326717B-6EDC-4225-80A0-AD5566A45790}
	EndProjectSection
EndProject
Project("{2150E333-8FDC-42A3-9474-1A3956D46DE8}") = "Plugins", "Plugins", "{5A34F1BF-6B38-466C-ABE7-C0D32C763198}"
EndProject
Project("{FAE04EC0-301F-11D3-BF4B-00C04F79EFBC}") = "CryptoHarbour.Periscope.ClaymoreCollector", "Plugins\CryptoHarbour.Periscope.ClaymoreCollector\CryptoHarbour.Periscope.ClaymoreCollector.csproj", "{B326717B-6EDC-4225-80A0-AD5566A45790}"
EndProject
Project("{2150E333-8FDC-42A3-9474-1A3956D46DE8}") = "Contracts", "Contracts", "{72765634-FA01-4B97-9B9F-16930301F933}"
EndProject
Project("{FAE04EC0-301F-11D3-BF4B-00C04F79EFBC}") = "CryptoHarbour.Periscope.Contracts", "Contracts\CryptoHarbour.Periscope.Contracts\CryptoHarbour.Periscope.Contracts.csproj", "{8FAEE973-773D-4D05-98CC-57BE9C3A6653}"
EndProject
Project("{FAE04EC0-301F-11D3-BF4B-00C04F79EFBC}") = "CryptoHarbour.Periscope.RigDataCollector.Tests", "CryptoHarbour.Periscope.RigDataCollector.Tests\CryptoHarbour.Periscope.RigDataCollector.Tests.csproj", "{17D8EF7F-A78B-4D79-A180-FCF1EFDB2E03}"
EndProject
Project("{9A19103F-16F7-4668-BE54-9A1E7A4F7556}") = "CryptoHarbour.Periscope.AjaxCollector", "Plugins\CryptoHarbour.Periscope.AjaxCollector\CryptoHarbour.Periscope.AjaxCollector.csproj", "{7EB4FE67-A50A-43B8-8638-4F9C0593403F}"
EndProject
Project("{9A19103F-16F7-4668-BE54-9A1E7A4F7556}") = "CryptoHarbour.Periscope.AjaxCollector.Tests", "Plugins\CryptoHarbour.Periscope.AjaxCollector.Tests\CryptoHarbour.Periscope.AjaxCollector.Tests.csproj", "{116AAC9B-5C54-4FF7-B438-76B0971E7717}"
EndProject
Project("{FAE04EC0-301F-11D3-BF4B-00C04F79EFBC}") = "CryptoHarbour.Periscope.ClaymoreCollector.Tests", "Plugins\CryptoHarbour.Periscope.ClaymoreCollector.Tests\CryptoHarbour.Periscope.ClaymoreCollector.Tests.csproj", "{B577B831-B9B0-4AD0-9F6E-2A02E24D747E}"
EndProject
Project("{FAE04EC0-301F-11D3-BF4B-00C04F79EFBC}") = "CryptoHarbour.Periscope.AjaxCollector.Installer", "Plugins\CryptoHarbour.Periscope.AjaxCollector.Installer\CryptoHarbour.Periscope.AjaxCollector.Installer.csproj", "{96E44A91-BB2D-4554-9CBD-F422A2CDF6DA}"
EndProject
Project("{FAE04EC0-301F-11D3-BF4B-00C04F79EFBC}") = "CryptoHarbour.Periscope.ClaymoreCollector.Installer", "Plugins\CryptoHarbour.Periscope.ClaymoreCollector.Installer\CryptoHarbour.Periscope.ClaymoreCollector.Installer.csproj", "{345F5D4E-236E-49DD-8F6D-CC402D56A6BE}"
EndProject
Global
	GlobalSection(SolutionConfigurationPlatforms) = preSolution
		Debug|Any CPU = Debug|Any CPU
		Release|Any CPU = Release|Any CPU
	EndGlobalSection
	GlobalSection(ProjectConfigurationPlatforms) = postSolution
		{B05E0B56-48E0-46FF-83D8-506758E2EC0E}.Debug|Any CPU.ActiveCfg = Debug|Any CPU
		{B05E0B56-48E0-46FF-83D8-506758E2EC0E}.Debug|Any CPU.Build.0 = Debug|Any CPU
		{B05E0B56-48E0-46FF-83D8-506758E2EC0E}.Release|Any CPU.ActiveCfg = Release|Any CPU
		{B05E0B56-48E0-46FF-83D8-506758E2EC0E}.Release|Any CPU.Build.0 = Release|Any CPU
		{B326717B-6EDC-4225-80A0-AD5566A45790}.Debug|Any CPU.ActiveCfg = Debug|Any CPU
		{B326717B-6EDC-4225-80A0-AD5566A45790}.Debug|Any CPU.Build.0 = Debug|Any CPU
		{B326717B-6EDC-4225-80A0-AD5566A45790}.Release|Any CPU.ActiveCfg = Release|Any CPU
		{B326717B-6EDC-4225-80A0-AD5566A45790}.Release|Any CPU.Build.0 = Release|Any CPU
		{8FAEE973-773D-4D05-98CC-57BE9C3A6653}.Debug|Any CPU.ActiveCfg = Debug|Any CPU
		{8FAEE973-773D-4D05-98CC-57BE9C3A6653}.Debug|Any CPU.Build.0 = Debug|Any CPU
		{8FAEE973-773D-4D05-98CC-57BE9C3A6653}.Release|Any CPU.ActiveCfg = Release|Any CPU
		{8FAEE973-773D-4D05-98CC-57BE9C3A6653}.Release|Any CPU.Build.0 = Release|Any CPU
		{17D8EF7F-A78B-4D79-A180-FCF1EFDB2E03}.Debug|Any CPU.ActiveCfg = Debug|Any CPU
		{17D8EF7F-A78B-4D79-A180-FCF1EFDB2E03}.Debug|Any CPU.Build.0 = Debug|Any CPU
		{17D8EF7F-A78B-4D79-A180-FCF1EFDB2E03}.Release|Any CPU.ActiveCfg = Release|Any CPU
		{17D8EF7F-A78B-4D79-A180-FCF1EFDB2E03}.Release|Any CPU.Build.0 = Release|Any CPU
		{7EB4FE67-A50A-43B8-8638-4F9C0593403F}.Debug|Any CPU.ActiveCfg = Debug|Any CPU
		{7EB4FE67-A50A-43B8-8638-4F9C0593403F}.Debug|Any CPU.Build.0 = Debug|Any CPU
		{7EB4FE67-A50A-43B8-8638-4F9C0593403F}.Release|Any CPU.ActiveCfg = Release|Any CPU
		{7EB4FE67-A50A-43B8-8638-4F9C0593403F}.Release|Any CPU.Build.0 = Release|Any CPU
		{116AAC9B-5C54-4FF7-B438-76B0971E7717}.Debug|Any CPU.ActiveCfg = Debug|Any CPU
		{116AAC9B-5C54-4FF7-B438-76B0971E7717}.Debug|Any CPU.Build.0 = Debug|Any CPU
		{116AAC9B-5C54-4FF7-B438-76B0971E7717}.Release|Any CPU.ActiveCfg = Release|Any CPU
		{116AAC9B-5C54-4FF7-B438-76B0971E7717}.Release|Any CPU.Build.0 = Release|Any CPU
		{B577B831-B9B0-4AD0-9F6E-2A02E24D747E}.Debug|Any CPU.ActiveCfg = Debug|Any CPU
		{B577B831-B9B0-4AD0-9F6E-2A02E24D747E}.Debug|Any CPU.Build.0 = Debug|Any CPU
		{B577B831-B9B0-4AD0-9F6E-2A02E24D747E}.Release|Any CPU.ActiveCfg = Release|Any CPU
		{B577B831-B9B0-4AD0-9F6E-2A02E24D747E}.Release|Any CPU.Build.0 = Release|Any CPU
		{96E44A91-BB2D-4554-9CBD-F422A2CDF6DA}.Debug|Any CPU.ActiveCfg = Debug|Any CPU
		{96E44A91-BB2D-4554-9CBD-F422A2CDF6DA}.Debug|Any CPU.Build.0 = Debug|Any CPU
		{96E44A91-BB2D-4554-9CBD-F422A2CDF6DA}.Release|Any CPU.ActiveCfg = Release|Any CPU
		{96E44A91-BB2D-4554-9CBD-F422A2CDF6DA}.Release|Any CPU.Build.0 = Release|Any CPU
		{345F5D4E-236E-49DD-8F6D-CC402D56A6BE}.Debug|Any CPU.ActiveCfg = Debug|Any CPU
		{345F5D4E-236E-49DD-8F6D-CC402D56A6BE}.Debug|Any CPU.Build.0 = Debug|Any CPU
		{345F5D4E-236E-49DD-8F6D-CC402D56A6BE}.Release|Any CPU.ActiveCfg = Release|Any CPU
		{345F5D4E-236E-49DD-8F6D-CC402D56A6BE}.Release|Any CPU.Build.0 = Release|Any CPU
	EndGlobalSection
	GlobalSection(SolutionProperties) = preSolution
		HideSolutionNode = FALSE
	EndGlobalSection
	GlobalSection(NestedProjects) = preSolution
		{B326717B-6EDC-4225-80A0-AD5566A45790} = {5A34F1BF-6B38-466C-ABE7-C0D32C763198}
		{8FAEE973-773D-4D05-98CC-57BE9C3A6653} = {72765634-FA01-4B97-9B9F-16930301F933}
		{7EB4FE67-A50A-43B8-8638-4F9C0593403F} = {5A34F1BF-6B38-466C-ABE7-C0D32C763198}
		{116AAC9B-5C54-4FF7-B438-76B0971E7717} = {5A34F1BF-6B38-466C-ABE7-C0D32C763198}
		{B577B831-B9B0-4AD0-9F6E-2A02E24D747E} = {5A34F1BF-6B38-466C-ABE7-C0D32C763198}
		{96E44A91-BB2D-4554-9CBD-F422A2CDF6DA} = {5A34F1BF-6B38-466C-ABE7-C0D32C763198}
		{345F5D4E-236E-49DD-8F6D-CC402D56A6BE} = {5A34F1BF-6B38-466C-ABE7-C0D32C763198}
	EndGlobalSection
EndGlobal
